
Microsoft Visual Studio Solution File, Format Version 12.00
# Visual Studio Version 16
VisualStudioVersion = 16.0.30804.86
MinimumVisualStudioVersion = 10.0.40219.1
Project("{FAE04EC0-301F-11D3-BF4B-00C04F79EFBC}") = "FormatarPontosGPS", "FormatarPontosGPS\FormatarPontosGPS.csproj", "{BBE2A673-487B-40B6-B2DF-7AEAAF2D00B5}"
EndProject
Global
	GlobalSection(SolutionConfigurationPlatforms) = preSolution
		Debug|Any CPU = Debug|Any CPU
		Release|Any CPU = Release|Any CPU
	EndGlobalSection
	GlobalSection(ProjectConfigurationPlatforms) = postSolution
		{BBE2A673-487B-40B6-B2DF-7AEAAF2D00B5}.Debug|Any CPU.ActiveCfg = Debug|Any CPU
		{BBE2A673-487B-40B6-B2DF-7AEAAF2D00B5}.Debug|Any CPU.Build.0 = Debug|Any CPU
		{BBE2A673-487B-40B6-B2DF-7AEAAF2D00B5}.Release|Any CPU.ActiveCfg = Release|Any CPU
		{BBE2A673-487B-40B6-B2DF-7AEAAF2D00B5}.Release|Any CPU.Build.0 = Release|Any CPU
	EndGlobalSection
	GlobalSection(SolutionProperties) = preSolution
		HideSolutionNode = FALSE
	EndGlobalSection
	GlobalSection(ExtensibilityGlobals) = postSolution
		SolutionGuid = {F1CA623C-B286-4250-B6E1-9CD154B696A9}
	EndGlobalSection
EndGlobal
